// !$*UTF8*$!
{
	archiveVersion = 1;
	classes = {
	};
	objectVersion = 56;
	objects = {

/* Begin PBXBuildFile section */
		2944299E29705FA800B73BD4 /* GridView.swift in Sources */ = {isa = PBXBuildFile; fileRef = 2944299D29705FA800B73BD4 /* GridView.swift */; };
		C0E123DD296F05EB005C9500 /* SocialNetworkECSApp.swift in Sources */ = {isa = PBXBuildFile; fileRef = C0E123DC296F05EB005C9500 /* SocialNetworkECSApp.swift */; };
		C0E123DF296F05EB005C9500 /* ContentView.swift in Sources */ = {isa = PBXBuildFile; fileRef = C0E123DE296F05EB005C9500 /* ContentView.swift */; };
		C0E123E1296F05ED005C9500 /* Assets.xcassets in Resources */ = {isa = PBXBuildFile; fileRef = C0E123E0296F05ED005C9500 /* Assets.xcassets */; };
		C0E123E4296F05ED005C9500 /* Preview Assets.xcassets in Resources */ = {isa = PBXBuildFile; fileRef = C0E123E3296F05ED005C9500 /* Preview Assets.xcassets */; };
		C0E123EE296F08C5005C9500 /* ProfileView.swift in Sources */ = {isa = PBXBuildFile; fileRef = C0E123ED296F08C5005C9500 /* ProfileView.swift */; };
		C0E123F0296F08D4005C9500 /* AddPostView.swift in Sources */ = {isa = PBXBuildFile; fileRef = C0E123EF296F08D4005C9500 /* AddPostView.swift */; };
		C0E123F3296F08FA005C9500 /* ProfileHeader.swift in Sources */ = {isa = PBXBuildFile; fileRef = C0E123F2296F08FA005C9500 /* ProfileHeader.swift */; };
		C0E123F829705EFB005C9500 /* PostsModel.swift in Sources */ = {isa = PBXBuildFile; fileRef = C0E123F729705EFB005C9500 /* PostsModel.swift */; };
		C0E123FA29705F04005C9500 /* PostsViewModel.swift in Sources */ = {isa = PBXBuildFile; fileRef = C0E123F929705F04005C9500 /* PostsViewModel.swift */; };
		C0E123FC29708A6A005C9500 /* CollectionSelection.swift in Sources */ = {isa = PBXBuildFile; fileRef = C0E123FB29708A6A005C9500 /* CollectionSelection.swift */; };
		C0E123FE29708A8B005C9500 /* CollectionModel.swift in Sources */ = {isa = PBXBuildFile; fileRef = C0E123FD29708A8B005C9500 /* CollectionModel.swift */; };
		C0E1240029708B05005C9500 /* CollectionsViewModel.swift in Sources */ = {isa = PBXBuildFile; fileRef = C0E123FF29708B05005C9500 /* CollectionsViewModel.swift */; };
/* End PBXBuildFile section */

/* Begin PBXFileReference section */
		2944299D29705FA800B73BD4 /* GridView.swift */ = {isa = PBXFileReference; lastKnownFileType = sourcecode.swift; path = GridView.swift; sourceTree = "<group>"; };
		C0E123D9296F05EB005C9500 /* SocialNetworkECS.app */ = {isa = PBXFileReference; explicitFileType = wrapper.application; includeInIndex = 0; path = SocialNetworkECS.app; sourceTree = BUILT_PRODUCTS_DIR; };
		C0E123DC296F05EB005C9500 /* SocialNetworkECSApp.swift */ = {isa = PBXFileReference; lastKnownFileType = sourcecode.swift; path = SocialNetworkECSApp.swift; sourceTree = "<group>"; };
		C0E123DE296F05EB005C9500 /* ContentView.swift */ = {isa = PBXFileReference; lastKnownFileType = sourcecode.swift; path = ContentView.swift; sourceTree = "<group>"; };
		C0E123E0296F05ED005C9500 /* Assets.xcassets */ = {isa = PBXFileReference; lastKnownFileType = folder.assetcatalog; path = Assets.xcassets; sourceTree = "<group>"; };
		C0E123E3296F05ED005C9500 /* Preview Assets.xcassets */ = {isa = PBXFileReference; lastKnownFileType = folder.assetcatalog; path = "Preview Assets.xcassets"; sourceTree = "<group>"; };
		C0E123ED296F08C5005C9500 /* ProfileView.swift */ = {isa = PBXFileReference; lastKnownFileType = sourcecode.swift; path = ProfileView.swift; sourceTree = "<group>"; };
		C0E123EF296F08D4005C9500 /* AddPostView.swift */ = {isa = PBXFileReference; lastKnownFileType = sourcecode.swift; path = AddPostView.swift; sourceTree = "<group>"; };
		C0E123F2296F08FA005C9500 /* ProfileHeader.swift */ = {isa = PBXFileReference; lastKnownFileType = sourcecode.swift; path = ProfileHeader.swift; sourceTree = "<group>"; };
		C0E123F729705EFB005C9500 /* PostsModel.swift */ = {isa = PBXFileReference; lastKnownFileType = sourcecode.swift; path = PostsModel.swift; sourceTree = "<group>"; };
		C0E123F929705F04005C9500 /* PostsViewModel.swift */ = {isa = PBXFileReference; lastKnownFileType = sourcecode.swift; path = PostsViewModel.swift; sourceTree = "<group>"; };
		C0E123FB29708A6A005C9500 /* CollectionSelection.swift */ = {isa = PBXFileReference; lastKnownFileType = sourcecode.swift; path = CollectionSelection.swift; sourceTree = "<group>"; };
		C0E123FD29708A8B005C9500 /* CollectionModel.swift */ = {isa = PBXFileReference; lastKnownFileType = sourcecode.swift; path = CollectionModel.swift; sourceTree = "<group>"; };
		C0E123FF29708B05005C9500 /* CollectionsViewModel.swift */ = {isa = PBXFileReference; lastKnownFileType = sourcecode.swift; path = CollectionsViewModel.swift; sourceTree = "<group>"; };
/* End PBXFileReference section */

/* Begin PBXFrameworksBuildPhase section */
		C0E123D6296F05EB005C9500 /* Frameworks */ = {
			isa = PBXFrameworksBuildPhase;
			buildActionMask = 2147483647;
			files = (
			);
			runOnlyForDeploymentPostprocessing = 0;
		};
/* End PBXFrameworksBuildPhase section */

/* Begin PBXGroup section */
		C0E123D0296F05EB005C9500 = {
			isa = PBXGroup;
			children = (
				C0E123DB296F05EB005C9500 /* SocialNetworkECS */,
				C0E123DA296F05EB005C9500 /* Products */,
			);
			sourceTree = "<group>";
		};
		C0E123DA296F05EB005C9500 /* Products */ = {
			isa = PBXGroup;
			children = (
				C0E123D9296F05EB005C9500 /* SocialNetworkECS.app */,
			);
			name = Products;
			sourceTree = "<group>";
		};
		C0E123DB296F05EB005C9500 /* SocialNetworkECS */ = {
			isa = PBXGroup;
			children = (
				C0E123F1296F08E9005C9500 /* Components */,
				C0E123EC296F08B2005C9500 /* Model */,
				C0E123EB296F08A0005C9500 /* ViewModel */,
				C0E123EA296F088C005C9500 /* View */,
				C0E123DC296F05EB005C9500 /* SocialNetworkECSApp.swift */,
				C0E123E0296F05ED005C9500 /* Assets.xcassets */,
				C0E123E2296F05ED005C9500 /* Preview Content */,
			);
			path = SocialNetworkECS;
			sourceTree = "<group>";
		};
		C0E123E2296F05ED005C9500 /* Preview Content */ = {
			isa = PBXGroup;
			children = (
				C0E123E3296F05ED005C9500 /* Preview Assets.xcassets */,
			);
			path = "Preview Content";
			sourceTree = "<group>";
		};
		C0E123EA296F088C005C9500 /* View */ = {
			isa = PBXGroup;
			children = (
				C0E123DE296F05EB005C9500 /* ContentView.swift */,
				C0E123ED296F08C5005C9500 /* ProfileView.swift */,
				C0E123EF296F08D4005C9500 /* AddPostView.swift */,
			);
			path = View;
			sourceTree = "<group>";
		};
		C0E123EB296F08A0005C9500 /* ViewModel */ = {
			isa = PBXGroup;
			children = (
				C0E123F929705F04005C9500 /* PostsViewModel.swift */,
				C0E123FF29708B05005C9500 /* CollectionsViewModel.swift */,
			);
			path = ViewModel;
			sourceTree = "<group>";
		};
		C0E123EC296F08B2005C9500 /* Model */ = {
			isa = PBXGroup;
			children = (
				C0E123F729705EFB005C9500 /* PostsModel.swift */,
				C0E123FD29708A8B005C9500 /* CollectionModel.swift */,
			);
			path = Model;
			sourceTree = "<group>";
		};
		C0E123F1296F08E9005C9500 /* Components */ = {
			isa = PBXGroup;
			children = (
				C0E123F2296F08FA005C9500 /* ProfileHeader.swift */,
				2944299D29705FA800B73BD4 /* GridView.swift */,
				C0E123FB29708A6A005C9500 /* CollectionSelection.swift */,
			);
			path = Components;
			sourceTree = "<group>";
		};
/* End PBXGroup section */

/* Begin PBXNativeTarget section */
		C0E123D8296F05EB005C9500 /* SocialNetworkECS */ = {
			isa = PBXNativeTarget;
			buildConfigurationList = C0E123E7296F05ED005C9500 /* Build configuration list for PBXNativeTarget "SocialNetworkECS" */;
			buildPhases = (
				C0E123D5296F05EB005C9500 /* Sources */,
				C0E123D6296F05EB005C9500 /* Frameworks */,
				C0E123D7296F05EB005C9500 /* Resources */,
				C0E123F629705D36005C9500 /* ShellScript */,
			);
			buildRules = (
			);
			dependencies = (
			);
			name = SocialNetworkECS;
			productName = SocialNetworkECS;
			productReference = C0E123D9296F05EB005C9500 /* SocialNetworkECS.app */;
			productType = "com.apple.product-type.application";
		};
/* End PBXNativeTarget section */

/* Begin PBXProject section */
		C0E123D1296F05EB005C9500 /* Project object */ = {
			isa = PBXProject;
			attributes = {
				BuildIndependentTargetsInParallel = 1;
				LastSwiftUpdateCheck = 1410;
				LastUpgradeCheck = 1410;
				TargetAttributes = {
					C0E123D8296F05EB005C9500 = {
						CreatedOnToolsVersion = 14.1;
					};
				};
			};
			buildConfigurationList = C0E123D4296F05EB005C9500 /* Build configuration list for PBXProject "SocialNetworkECS" */;
			compatibilityVersion = "Xcode 14.0";
			developmentRegion = en;
			hasScannedForEncodings = 0;
			knownRegions = (
				en,
				Base,
			);
			mainGroup = C0E123D0296F05EB005C9500;
			productRefGroup = C0E123DA296F05EB005C9500 /* Products */;
			projectDirPath = "";
			projectRoot = "";
			targets = (
				C0E123D8296F05EB005C9500 /* SocialNetworkECS */,
			);
		};
/* End PBXProject section */

/* Begin PBXResourcesBuildPhase section */
		C0E123D7296F05EB005C9500 /* Resources */ = {
			isa = PBXResourcesBuildPhase;
			buildActionMask = 2147483647;
			files = (
				C0E123E4296F05ED005C9500 /* Preview Assets.xcassets in Resources */,
				C0E123E1296F05ED005C9500 /* Assets.xcassets in Resources */,
			);
			runOnlyForDeploymentPostprocessing = 0;
		};
/* End PBXResourcesBuildPhase section */

/* Begin PBXShellScriptBuildPhase section */
		C0E123F629705D36005C9500 /* ShellScript */ = {
			isa = PBXShellScriptBuildPhase;
			buildActionMask = 2147483647;
			files = (
			);
			inputFileListPaths = (
			);
			inputPaths = (
			);
			outputFileListPaths = (
			);
			outputPaths = (
			);
			runOnlyForDeploymentPostprocessing = 0;
			shellPath = /bin/sh;
			shellScript = "export PATH=\"$PATH:/opt/homebrew/bin\"\nif which swiftlint > /dev/null; then\n  swiftlint\nelse\n  echo \"warning: SwiftLint not installed, download from https://github.com/realm/SwiftLint\"\nfi\n";
		};
/* End PBXShellScriptBuildPhase section */

/* Begin PBXSourcesBuildPhase section */
		C0E123D5296F05EB005C9500 /* Sources */ = {
			isa = PBXSourcesBuildPhase;
			buildActionMask = 2147483647;
			files = (
				C0E123DF296F05EB005C9500 /* ContentView.swift in Sources */,
				C0E123FC29708A6A005C9500 /* CollectionSelection.swift in Sources */,
				C0E123EE296F08C5005C9500 /* ProfileView.swift in Sources */,
				C0E1240029708B05005C9500 /* CollectionsViewModel.swift in Sources */,
				2944299E29705FA800B73BD4 /* GridView.swift in Sources */,
				C0E123F0296F08D4005C9500 /* AddPostView.swift in Sources */,
				C0E123F3296F08FA005C9500 /* ProfileHeader.swift in Sources */,
				C0E123DD296F05EB005C9500 /* SocialNetworkECSApp.swift in Sources */,
				C0E123F829705EFB005C9500 /* PostsModel.swift in Sources */,
				C0E123FA29705F04005C9500 /* PostsViewModel.swift in Sources */,
				C0E123FE29708A8B005C9500 /* CollectionModel.swift in Sources */,
			);
			runOnlyForDeploymentPostprocessing = 0;
		};
/* End PBXSourcesBuildPhase section */

/* Begin XCBuildConfiguration section */
		C0E123E5296F05ED005C9500 /* Debug */ = {
			isa = XCBuildConfiguration;
			buildSettings = {
				ALWAYS_SEARCH_USER_PATHS = NO;
				CLANG_ANALYZER_NONNULL = YES;
				CLANG_ANALYZER_NUMBER_OBJECT_CONVERSION = YES_AGGRESSIVE;
				CLANG_CXX_LANGUAGE_STANDARD = "gnu++20";
				CLANG_ENABLE_MODULES = YES;
				CLANG_ENABLE_OBJC_ARC = YES;
				CLANG_ENABLE_OBJC_WEAK = YES;
				CLANG_WARN_BLOCK_CAPTURE_AUTORELEASING = YES;
				CLANG_WARN_BOOL_CONVERSION = YES;
				CLANG_WARN_COMMA = YES;
				CLANG_WARN_CONSTANT_CONVERSION = YES;
				CLANG_WARN_DEPRECATED_OBJC_IMPLEMENTATIONS = YES;
				CLANG_WARN_DIRECT_OBJC_ISA_USAGE = YES_ERROR;
				CLANG_WARN_DOCUMENTATION_COMMENTS = YES;
				CLANG_WARN_EMPTY_BODY = YES;
				CLANG_WARN_ENUM_CONVERSION = YES;
				CLANG_WARN_INFINITE_RECURSION = YES;
				CLANG_WARN_INT_CONVERSION = YES;
				CLANG_WARN_NON_LITERAL_NULL_CONVERSION = YES;
				CLANG_WARN_OBJC_IMPLICIT_RETAIN_SELF = YES;
				CLANG_WARN_OBJC_LITERAL_CONVERSION = YES;
				CLANG_WARN_OBJC_ROOT_CLASS = YES_ERROR;
				CLANG_WARN_QUOTED_INCLUDE_IN_FRAMEWORK_HEADER = YES;
				CLANG_WARN_RANGE_LOOP_ANALYSIS = YES;
				CLANG_WARN_STRICT_PROTOTYPES = YES;
				CLANG_WARN_SUSPICIOUS_MOVE = YES;
				CLANG_WARN_UNGUARDED_AVAILABILITY = YES_AGGRESSIVE;
				CLANG_WARN_UNREACHABLE_CODE = YES;
				CLANG_WARN__DUPLICATE_METHOD_MATCH = YES;
				COPY_PHASE_STRIP = NO;
				DEBUG_INFORMATION_FORMAT = dwarf;
				ENABLE_STRICT_OBJC_MSGSEND = YES;
				ENABLE_TESTABILITY = YES;
				GCC_C_LANGUAGE_STANDARD = gnu11;
				GCC_DYNAMIC_NO_PIC = NO;
				GCC_NO_COMMON_BLOCKS = YES;
				GCC_OPTIMIZATION_LEVEL = 0;
				GCC_PREPROCESSOR_DEFINITIONS = (
					"DEBUG=1",
					"$(inherited)",
				);
				GCC_WARN_64_TO_32_BIT_CONVERSION = YES;
				GCC_WARN_ABOUT_RETURN_TYPE = YES_ERROR;
				GCC_WARN_UNDECLARED_SELECTOR = YES;
				GCC_WARN_UNINITIALIZED_AUTOS = YES_AGGRESSIVE;
				GCC_WARN_UNUSED_FUNCTION = YES;
				GCC_WARN_UNUSED_VARIABLE = YES;
				IPHONEOS_DEPLOYMENT_TARGET = 16.1;
				MTL_ENABLE_DEBUG_INFO = INCLUDE_SOURCE;
				MTL_FAST_MATH = YES;
				ONLY_ACTIVE_ARCH = YES;
				SDKROOT = iphoneos;
				SWIFT_ACTIVE_COMPILATION_CONDITIONS = DEBUG;
				SWIFT_OPTIMIZATION_LEVEL = "-Onone";
			};
			name = Debug;
		};
		C0E123E6296F05ED005C9500 /* Release */ = {
			isa = XCBuildConfiguration;
			buildSettings = {
				ALWAYS_SEARCH_USER_PATHS = NO;
				CLANG_ANALYZER_NONNULL = YES;
				CLANG_ANALYZER_NUMBER_OBJECT_CONVERSION = YES_AGGRESSIVE;
				CLANG_CXX_LANGUAGE_STANDARD = "gnu++20";
				CLANG_ENABLE_MODULES = YES;
				CLANG_ENABLE_OBJC_ARC = YES;
				CLANG_ENABLE_OBJC_WEAK = YES;
				CLANG_WARN_BLOCK_CAPTURE_AUTORELEASING = YES;
				CLANG_WARN_BOOL_CONVERSION = YES;
				CLANG_WARN_COMMA = YES;
				CLANG_WARN_CONSTANT_CONVERSION = YES;
				CLANG_WARN_DEPRECATED_OBJC_IMPLEMENTATIONS = YES;
				CLANG_WARN_DIRECT_OBJC_ISA_USAGE = YES_ERROR;
				CLANG_WARN_DOCUMENTATION_COMMENTS = YES;
				CLANG_WARN_EMPTY_BODY = YES;
				CLANG_WARN_ENUM_CONVERSION = YES;
				CLANG_WARN_INFINITE_RECURSION = YES;
				CLANG_WARN_INT_CONVERSION = YES;
				CLANG_WARN_NON_LITERAL_NULL_CONVERSION = YES;
				CLANG_WARN_OBJC_IMPLICIT_RETAIN_SELF = YES;
				CLANG_WARN_OBJC_LITERAL_CONVERSION = YES;
				CLANG_WARN_OBJC_ROOT_CLASS = YES_ERROR;
				CLANG_WARN_QUOTED_INCLUDE_IN_FRAMEWORK_HEADER = YES;
				CLANG_WARN_RANGE_LOOP_ANALYSIS = YES;
				CLANG_WARN_STRICT_PROTOTYPES = YES;
				CLANG_WARN_SUSPICIOUS_MOVE = YES;
				CLANG_WARN_UNGUARDED_AVAILABILITY = YES_AGGRESSIVE;
				CLANG_WARN_UNREACHABLE_CODE = YES;
				CLANG_WARN__DUPLICATE_METHOD_MATCH = YES;
				COPY_PHASE_STRIP = NO;
				DEBUG_INFORMATION_FORMAT = "dwarf-with-dsym";
				ENABLE_NS_ASSERTIONS = NO;
				ENABLE_STRICT_OBJC_MSGSEND = YES;
				GCC_C_LANGUAGE_STANDARD = gnu11;
				GCC_NO_COMMON_BLOCKS = YES;
				GCC_WARN_64_TO_32_BIT_CONVERSION = YES;
				GCC_WARN_ABOUT_RETURN_TYPE = YES_ERROR;
				GCC_WARN_UNDECLARED_SELECTOR = YES;
				GCC_WARN_UNINITIALIZED_AUTOS = YES_AGGRESSIVE;
				GCC_WARN_UNUSED_FUNCTION = YES;
				GCC_WARN_UNUSED_VARIABLE = YES;
				IPHONEOS_DEPLOYMENT_TARGET = 16.1;
				MTL_ENABLE_DEBUG_INFO = NO;
				MTL_FAST_MATH = YES;
				SDKROOT = iphoneos;
				SWIFT_COMPILATION_MODE = wholemodule;
				SWIFT_OPTIMIZATION_LEVEL = "-O";
				VALIDATE_PRODUCT = YES;
			};
			name = Release;
		};
		C0E123E8296F05ED005C9500 /* Debug */ = {
			isa = XCBuildConfiguration;
			buildSettings = {
				ASSETCATALOG_COMPILER_APPICON_NAME = AppIcon;
				ASSETCATALOG_COMPILER_GLOBAL_ACCENT_COLOR_NAME = AccentColor;
				CODE_SIGN_STYLE = Automatic;
				CURRENT_PROJECT_VERSION = 1;
				DEVELOPMENT_ASSET_PATHS = "\"SocialNetworkECS/Preview Content\"";
				DEVELOPMENT_TEAM = 3SJPB5MHR5;
				ENABLE_PREVIEWS = YES;
				GENERATE_INFOPLIST_FILE = YES;
				INFOPLIST_KEY_UIApplicationSceneManifest_Generation = YES;
				INFOPLIST_KEY_UIApplicationSupportsIndirectInputEvents = YES;
				INFOPLIST_KEY_UILaunchScreen_Generation = YES;
				INFOPLIST_KEY_UISupportedInterfaceOrientations_iPad = "UIInterfaceOrientationPortrait UIInterfaceOrientationPortraitUpsideDown UIInterfaceOrientationLandscapeLeft UIInterfaceOrientationLandscapeRight";
				INFOPLIST_KEY_UISupportedInterfaceOrientations_iPhone = "UIInterfaceOrientationPortrait UIInterfaceOrientationLandscapeLeft UIInterfaceOrientationLandscapeRight";
				LD_RUNPATH_SEARCH_PATHS = (
					"$(inherited)",
					"@executable_path/Frameworks",
				);
				MARKETING_VERSION = 1.0;
				PRODUCT_BUNDLE_IDENTIFIER = com.DomenicoCafarelli.SocialNetworkECS;
				PRODUCT_NAME = "$(TARGET_NAME)";
				SWIFT_EMIT_LOC_STRINGS = YES;
				SWIFT_VERSION = 5.0;
				TARGETED_DEVICE_FAMILY = "1,2";
			};
			name = Debug;
		};
		C0E123E9296F05ED005C9500 /* Release */ = {
			isa = XCBuildConfiguration;
			buildSettings = {
				ASSETCATALOG_COMPILER_APPICON_NAME = AppIcon;
				ASSETCATALOG_COMPILER_GLOBAL_ACCENT_COLOR_NAME = AccentColor;
				CODE_SIGN_STYLE = Automatic;
				CURRENT_PROJECT_VERSION = 1;
				DEVELOPMENT_ASSET_PATHS = "\"SocialNetworkECS/Preview Content\"";
				DEVELOPMENT_TEAM = 3SJPB5MHR5;
				ENABLE_PREVIEWS = YES;
				GENERATE_INFOPLIST_FILE = YES;
				INFOPLIST_KEY_UIApplicationSceneManifest_Generation = YES;
				INFOPLIST_KEY_UIApplicationSupportsIndirectInputEvents = YES;
				INFOPLIST_KEY_UILaunchScreen_Generation = YES;
				INFOPLIST_KEY_UISupportedInterfaceOrientations_iPad = "UIInterfaceOrientationPortrait UIInterfaceOrientationPortraitUpsideDown UIInterfaceOrientationLandscapeLeft UIInterfaceOrientationLandscapeRight";
				INFOPLIST_KEY_UISupportedInterfaceOrientations_iPhone = "UIInterfaceOrientationPortrait UIInterfaceOrientationLandscapeLeft UIInterfaceOrientationLandscapeRight";
				LD_RUNPATH_SEARCH_PATHS = (
					"$(inherited)",
					"@executable_path/Frameworks",
				);
				MARKETING_VERSION = 1.0;
				PRODUCT_BUNDLE_IDENTIFIER = com.DomenicoCafarelli.SocialNetworkECS;
				PRODUCT_NAME = "$(TARGET_NAME)";
				SWIFT_EMIT_LOC_STRINGS = YES;
				SWIFT_VERSION = 5.0;
				TARGETED_DEVICE_FAMILY = "1,2";
			};
			name = Release;
		};
/* End XCBuildConfiguration section */

/* Begin XCConfigurationList section */
		C0E123D4296F05EB005C9500 /* Build configuration list for PBXProject "SocialNetworkECS" */ = {
			isa = XCConfigurationList;
			buildConfigurations = (
				C0E123E5296F05ED005C9500 /* Debug */,
				C0E123E6296F05ED005C9500 /* Release */,
			);
			defaultConfigurationIsVisible = 0;
			defaultConfigurationName = Release;
		};
		C0E123E7296F05ED005C9500 /* Build configuration list for PBXNativeTarget "SocialNetworkECS" */ = {
			isa = XCConfigurationList;
			buildConfigurations = (
				C0E123E8296F05ED005C9500 /* Debug */,
				C0E123E9296F05ED005C9500 /* Release */,
			);
			defaultConfigurationIsVisible = 0;
			defaultConfigurationName = Release;
		};
/* End XCConfigurationList section */
	};
	rootObject = C0E123D1296F05EB005C9500 /* Project object */;
}
